// !$*UTF8*$!
{
	archiveVersion = 1;
	classes = {
	};
	objectVersion = 50;
	objects = {

/* Begin PBXBuildFile section */
		0C312A7429B91C5C1333654D /* Pods_UnwindTests.framework in Frameworks */ = {isa = PBXBuildFile; fileRef = 5F2BCCDBB17B64B5EA18A42D /* Pods_UnwindTests.framework */; };
		60833BDEF0A7416C7EB9839F /* Pods_Unwind.framework in Frameworks */ = {isa = PBXBuildFile; fileRef = 8C9F3EC616E2220F3AF0EE60 /* Pods_Unwind.framework */; };
		BD690FDA224A4DF600E15203 /* AppDelegate.swift in Sources */ = {isa = PBXBuildFile; fileRef = BD690FD9224A4DF600E15203 /* AppDelegate.swift */; };
		BD690FDC224A4DF600E15203 /* ViewController.swift in Sources */ = {isa = PBXBuildFile; fileRef = BD690FDB224A4DF600E15203 /* ViewController.swift */; };
		BD690FDF224A4DF600E15203 /* Main.storyboard in Resources */ = {isa = PBXBuildFile; fileRef = BD690FDD224A4DF600E15203 /* Main.storyboard */; };
		BD690FE2224A4DF600E15203 /* Unwind.xcdatamodeld in Sources */ = {isa = PBXBuildFile; fileRef = BD690FE0224A4DF600E15203 /* Unwind.xcdatamodeld */; };
		BD690FE4224A4DF800E15203 /* Assets.xcassets in Resources */ = {isa = PBXBuildFile; fileRef = BD690FE3224A4DF800E15203 /* Assets.xcassets */; };
		BD690FE7224A4DF800E15203 /* LaunchScreen.storyboard in Resources */ = {isa = PBXBuildFile; fileRef = BD690FE5224A4DF800E15203 /* LaunchScreen.storyboard */; };
		BD690FF2224A4DF800E15203 /* UnwindTests.swift in Sources */ = {isa = PBXBuildFile; fileRef = BD690FF1224A4DF800E15203 /* UnwindTests.swift */; };
		BD690FFD224A4DF800E15203 /* UnwindUITests.swift in Sources */ = {isa = PBXBuildFile; fileRef = BD690FFC224A4DF800E15203 /* UnwindUITests.swift */; };
		BD69100C224A4EB800E15203 /* Unwind.storyboard in Resources */ = {isa = PBXBuildFile; fileRef = BD69100B224A4EB800E15203 /* Unwind.storyboard */; };
		BD69100E224A4ED300E15203 /* UnwindViewController.swift in Sources */ = {isa = PBXBuildFile; fileRef = BD69100D224A4ED300E15203 /* UnwindViewController.swift */; };
		BD691011224A504C00E15203 /* Code.swift in Sources */ = {isa = PBXBuildFile; fileRef = BD691010224A504C00E15203 /* Code.swift */; };
		E39738F569E78FBEE9F33B96 /* Pods_UnwindUITests.framework in Frameworks */ = {isa = PBXBuildFile; fileRef = 9FE0E2FA44369323D3F1EF6F /* Pods_UnwindUITests.framework */; };
/* End PBXBuildFile section */

/* Begin PBXContainerItemProxy section */
		BD690FEE224A4DF800E15203 /* PBXContainerItemProxy */ = {
			isa = PBXContainerItemProxy;
			containerPortal = BD690FCE224A4DF600E15203 /* Project object */;
			proxyType = 1;
			remoteGlobalIDString = BD690FD5224A4DF600E15203;
			remoteInfo = Unwind;
		};
		BD690FF9224A4DF800E15203 /* PBXContainerItemProxy */ = {
			isa = PBXContainerItemProxy;
			containerPortal = BD690FCE224A4DF600E15203 /* Project object */;
			proxyType = 1;
			remoteGlobalIDString = BD690FD5224A4DF600E15203;
			remoteInfo = Unwind;
		};
/* End PBXContainerItemProxy section */

/* Begin PBXFileReference section */
		32EA5B2B85E34DC48707D4BF /* Pods-UnwindTests.release.xcconfig */ = {isa = PBXFileReference; includeInIndex = 1; lastKnownFileType = text.xcconfig; name = "Pods-UnwindTests.release.xcconfig"; path = "Target Support Files/Pods-UnwindTests/Pods-UnwindTests.release.xcconfig"; sourceTree = "<group>"; };
		34B479CD8E03894736BDC3B1 /* Pods-Unwind.debug.xcconfig */ = {isa = PBXFileReference; includeInIndex = 1; lastKnownFileType = text.xcconfig; name = "Pods-Unwind.debug.xcconfig"; path = "Target Support Files/Pods-Unwind/Pods-Unwind.debug.xcconfig"; sourceTree = "<group>"; };
		53320C2293FBC41FAAE103CE /* Pods-Unwind.release.xcconfig */ = {isa = PBXFileReference; includeInIndex = 1; lastKnownFileType = text.xcconfig; name = "Pods-Unwind.release.xcconfig"; path = "Target Support Files/Pods-Unwind/Pods-Unwind.release.xcconfig"; sourceTree = "<group>"; };
		5F2BCCDBB17B64B5EA18A42D /* Pods_UnwindTests.framework */ = {isa = PBXFileReference; explicitFileType = wrapper.framework; includeInIndex = 0; path = Pods_UnwindTests.framework; sourceTree = BUILT_PRODUCTS_DIR; };
		683056CC2E10F304E3B3A3D9 /* Pods-UnwindUITests.release.xcconfig */ = {isa = PBXFileReference; includeInIndex = 1; lastKnownFileType = text.xcconfig; name = "Pods-UnwindUITests.release.xcconfig"; path = "Target Support Files/Pods-UnwindUITests/Pods-UnwindUITests.release.xcconfig"; sourceTree = "<group>"; };
		8C9F3EC616E2220F3AF0EE60 /* Pods_Unwind.framework */ = {isa = PBXFileReference; explicitFileType = wrapper.framework; includeInIndex = 0; path = Pods_Unwind.framework; sourceTree = BUILT_PRODUCTS_DIR; };
		9FE0E2FA44369323D3F1EF6F /* Pods_UnwindUITests.framework */ = {isa = PBXFileReference; explicitFileType = wrapper.framework; includeInIndex = 0; path = Pods_UnwindUITests.framework; sourceTree = BUILT_PRODUCTS_DIR; };
		BD690FD6224A4DF600E15203 /* Unwind.app */ = {isa = PBXFileReference; explicitFileType = wrapper.application; includeInIndex = 0; path = Unwind.app; sourceTree = BUILT_PRODUCTS_DIR; };
		BD690FD9224A4DF600E15203 /* AppDelegate.swift */ = {isa = PBXFileReference; lastKnownFileType = sourcecode.swift; path = AppDelegate.swift; sourceTree = "<group>"; };
		BD690FDB224A4DF600E15203 /* ViewController.swift */ = {isa = PBXFileReference; lastKnownFileType = sourcecode.swift; path = ViewController.swift; sourceTree = "<group>"; };
		BD690FDE224A4DF600E15203 /* Base */ = {isa = PBXFileReference; lastKnownFileType = file.storyboard; name = Base; path = Base.lproj/Main.storyboard; sourceTree = "<group>"; };
		BD690FE1224A4DF600E15203 /* Unwind.xcdatamodel */ = {isa = PBXFileReference; lastKnownFileType = wrapper.xcdatamodel; path = Unwind.xcdatamodel; sourceTree = "<group>"; };
		BD690FE3224A4DF800E15203 /* Assets.xcassets */ = {isa = PBXFileReference; lastKnownFileType = folder.assetcatalog; path = Assets.xcassets; sourceTree = "<group>"; };
		BD690FE6224A4DF800E15203 /* Base */ = {isa = PBXFileReference; lastKnownFileType = file.storyboard; name = Base; path = Base.lproj/LaunchScreen.storyboard; sourceTree = "<group>"; };
		BD690FE8224A4DF800E15203 /* Info.plist */ = {isa = PBXFileReference; lastKnownFileType = text.plist.xml; path = Info.plist; sourceTree = "<group>"; };
		BD690FED224A4DF800E15203 /* UnwindTests.xctest */ = {isa = PBXFileReference; explicitFileType = wrapper.cfbundle; includeInIndex = 0; path = UnwindTests.xctest; sourceTree = BUILT_PRODUCTS_DIR; };
		BD690FF1224A4DF800E15203 /* UnwindTests.swift */ = {isa = PBXFileReference; lastKnownFileType = sourcecode.swift; path = UnwindTests.swift; sourceTree = "<group>"; };
		BD690FF3224A4DF800E15203 /* Info.plist */ = {isa = PBXFileReference; lastKnownFileType = text.plist.xml; path = Info.plist; sourceTree = "<group>"; };
		BD690FF8224A4DF800E15203 /* UnwindUITests.xctest */ = {isa = PBXFileReference; explicitFileType = wrapper.cfbundle; includeInIndex = 0; path = UnwindUITests.xctest; sourceTree = BUILT_PRODUCTS_DIR; };
		BD690FFC224A4DF800E15203 /* UnwindUITests.swift */ = {isa = PBXFileReference; lastKnownFileType = sourcecode.swift; path = UnwindUITests.swift; sourceTree = "<group>"; };
		BD690FFE224A4DF800E15203 /* Info.plist */ = {isa = PBXFileReference; lastKnownFileType = text.plist.xml; path = Info.plist; sourceTree = "<group>"; };
		BD69100B224A4EB800E15203 /* Unwind.storyboard */ = {isa = PBXFileReference; fileEncoding = 4; lastKnownFileType = file.storyboard; path = Unwind.storyboard; sourceTree = "<group>"; };
		BD69100D224A4ED300E15203 /* UnwindViewController.swift */ = {isa = PBXFileReference; lastKnownFileType = sourcecode.swift; path = UnwindViewController.swift; sourceTree = "<group>"; };
		BD691010224A504C00E15203 /* Code.swift */ = {isa = PBXFileReference; lastKnownFileType = sourcecode.swift; path = Code.swift; sourceTree = "<group>"; };
		C2A01B73DC0D55EB97244F70 /* Pods-UnwindTests.debug.xcconfig */ = {isa = PBXFileReference; includeInIndex = 1; lastKnownFileType = text.xcconfig; name = "Pods-UnwindTests.debug.xcconfig"; path = "Target Support Files/Pods-UnwindTests/Pods-UnwindTests.debug.xcconfig"; sourceTree = "<group>"; };
		F68BDCEDA401D5C3FABCA16D /* Pods-UnwindUITests.debug.xcconfig */ = {isa = PBXFileReference; includeInIndex = 1; lastKnownFileType = text.xcconfig; name = "Pods-UnwindUITests.debug.xcconfig"; path = "Target Support Files/Pods-UnwindUITests/Pods-UnwindUITests.debug.xcconfig"; sourceTree = "<group>"; };
/* End PBXFileReference section */

/* Begin PBXFrameworksBuildPhase section */
		BD690FD3224A4DF600E15203 /* Frameworks */ = {
			isa = PBXFrameworksBuildPhase;
			buildActionMask = 2147483647;
			files = (
				60833BDEF0A7416C7EB9839F /* Pods_Unwind.framework in Frameworks */,
			);
			runOnlyForDeploymentPostprocessing = 0;
		};
		BD690FEA224A4DF800E15203 /* Frameworks */ = {
			isa = PBXFrameworksBuildPhase;
			buildActionMask = 2147483647;
			files = (
				0C312A7429B91C5C1333654D /* Pods_UnwindTests.framework in Frameworks */,
			);
			runOnlyForDeploymentPostprocessing = 0;
		};
		BD690FF5224A4DF800E15203 /* Frameworks */ = {
			isa = PBXFrameworksBuildPhase;
			buildActionMask = 2147483647;
			files = (
				E39738F569E78FBEE9F33B96 /* Pods_UnwindUITests.framework in Frameworks */,
			);
			runOnlyForDeploymentPostprocessing = 0;
		};
/* End PBXFrameworksBuildPhase section */

/* Begin PBXGroup section */
		5824181AC1D46EC764BB2FBC /* Frameworks */ = {
			isa = PBXGroup;
			children = (
				8C9F3EC616E2220F3AF0EE60 /* Pods_Unwind.framework */,
				5F2BCCDBB17B64B5EA18A42D /* Pods_UnwindTests.framework */,
				9FE0E2FA44369323D3F1EF6F /* Pods_UnwindUITests.framework */,
			);
			name = Frameworks;
			sourceTree = "<group>";
		};
		BD690FCD224A4DF600E15203 = {
			isa = PBXGroup;
			children = (
				BD690FD8224A4DF600E15203 /* Unwind */,
				BD690FF0224A4DF800E15203 /* UnwindTests */,
				BD690FFB224A4DF800E15203 /* UnwindUITests */,
				BD690FD7224A4DF600E15203 /* Products */,
				C59145CF869A8FE4EFD84EF1 /* Pods */,
				5824181AC1D46EC764BB2FBC /* Frameworks */,
			);
			sourceTree = "<group>";
		};
		BD690FD7224A4DF600E15203 /* Products */ = {
			isa = PBXGroup;
			children = (
				BD690FD6224A4DF600E15203 /* Unwind.app */,
				BD690FED224A4DF800E15203 /* UnwindTests.xctest */,
				BD690FF8224A4DF800E15203 /* UnwindUITests.xctest */,
			);
			name = Products;
			sourceTree = "<group>";
		};
		BD690FD8224A4DF600E15203 /* Unwind */ = {
			isa = PBXGroup;
			children = (
				BD69100F224A503D00E15203 /* Code */,
				BD69100A224A4EA300E15203 /* Storyboard */,
				BD690FD9224A4DF600E15203 /* AppDelegate.swift */,
				BD690FDB224A4DF600E15203 /* ViewController.swift */,
				BD690FDD224A4DF600E15203 /* Main.storyboard */,
				BD690FE3224A4DF800E15203 /* Assets.xcassets */,
				BD690FE5224A4DF800E15203 /* LaunchScreen.storyboard */,
				BD690FE8224A4DF800E15203 /* Info.plist */,
				BD690FE0224A4DF600E15203 /* Unwind.xcdatamodeld */,
			);
			path = Unwind;
			sourceTree = "<group>";
		};
		BD690FF0224A4DF800E15203 /* UnwindTests */ = {
			isa = PBXGroup;
			children = (
				BD690FF1224A4DF800E15203 /* UnwindTests.swift */,
				BD690FF3224A4DF800E15203 /* Info.plist */,
			);
			path = UnwindTests;
			sourceTree = "<group>";
		};
		BD690FFB224A4DF800E15203 /* UnwindUITests */ = {
			isa = PBXGroup;
			children = (
				BD690FFC224A4DF800E15203 /* UnwindUITests.swift */,
				BD690FFE224A4DF800E15203 /* Info.plist */,
			);
			path = UnwindUITests;
			sourceTree = "<group>";
		};
		BD69100A224A4EA300E15203 /* Storyboard */ = {
			isa = PBXGroup;
			children = (
				BD69100B224A4EB800E15203 /* Unwind.storyboard */,
				BD69100D224A4ED300E15203 /* UnwindViewController.swift */,
			);
			path = Storyboard;
			sourceTree = "<group>";
		};
		BD69100F224A503D00E15203 /* Code */ = {
			isa = PBXGroup;
			children = (
				BD691010224A504C00E15203 /* Code.swift */,
			);
			path = Code;
			sourceTree = "<group>";
		};
		C59145CF869A8FE4EFD84EF1 /* Pods */ = {
			isa = PBXGroup;
			children = (
				34B479CD8E03894736BDC3B1 /* Pods-Unwind.debug.xcconfig */,
				53320C2293FBC41FAAE103CE /* Pods-Unwind.release.xcconfig */,
				C2A01B73DC0D55EB97244F70 /* Pods-UnwindTests.debug.xcconfig */,
				32EA5B2B85E34DC48707D4BF /* Pods-UnwindTests.release.xcconfig */,
				F68BDCEDA401D5C3FABCA16D /* Pods-UnwindUITests.debug.xcconfig */,
				683056CC2E10F304E3B3A3D9 /* Pods-UnwindUITests.release.xcconfig */,
			);
			path = Pods;
			sourceTree = "<group>";
		};
/* End PBXGroup section */

/* Begin PBXNativeTarget section */
		BD690FD5224A4DF600E15203 /* Unwind */ = {
			isa = PBXNativeTarget;
			buildConfigurationList = BD691001224A4DF800E15203 /* Build configuration list for PBXNativeTarget "Unwind" */;
			buildPhases = (
				BC0F78EF8DC6CE2B76530E61 /* [CP] Check Pods Manifest.lock */,
				BD690FD2224A4DF600E15203 /* Sources */,
				BD690FD3224A4DF600E15203 /* Frameworks */,
				BD690FD4224A4DF600E15203 /* Resources */,
				F26E55811BF1004D06163611 /* [CP] Embed Pods Frameworks */,
			);
			buildRules = (
			);
			dependencies = (
			);
			name = Unwind;
			productName = Unwind;
			productReference = BD690FD6224A4DF600E15203 /* Unwind.app */;
			productType = "com.apple.product-type.application";
		};
		BD690FEC224A4DF800E15203 /* UnwindTests */ = {
			isa = PBXNativeTarget;
			buildConfigurationList = BD691004224A4DF800E15203 /* Build configuration list for PBXNativeTarget "UnwindTests" */;
			buildPhases = (
				CD437AF56C8FEC552EDB98F0 /* [CP] Check Pods Manifest.lock */,
				BD690FE9224A4DF800E15203 /* Sources */,
				BD690FEA224A4DF800E15203 /* Frameworks */,
				BD690FEB224A4DF800E15203 /* Resources */,
			);
			buildRules = (
			);
			dependencies = (
				BD690FEF224A4DF800E15203 /* PBXTargetDependency */,
			);
			name = UnwindTests;
			productName = UnwindTests;
			productReference = BD690FED224A4DF800E15203 /* UnwindTests.xctest */;
			productType = "com.apple.product-type.bundle.unit-test";
		};
		BD690FF7224A4DF800E15203 /* UnwindUITests */ = {
			isa = PBXNativeTarget;
			buildConfigurationList = BD691007224A4DF800E15203 /* Build configuration list for PBXNativeTarget "UnwindUITests" */;
			buildPhases = (
				B94C33402B107F69293C2AB8 /* [CP] Check Pods Manifest.lock */,
				BD690FF4224A4DF800E15203 /* Sources */,
				BD690FF5224A4DF800E15203 /* Frameworks */,
				BD690FF6224A4DF800E15203 /* Resources */,
			);
			buildRules = (
			);
			dependencies = (
				BD690FFA224A4DF800E15203 /* PBXTargetDependency */,
			);
			name = UnwindUITests;
			productName = UnwindUITests;
			productReference = BD690FF8224A4DF800E15203 /* UnwindUITests.xctest */;
			productType = "com.apple.product-type.bundle.ui-testing";
		};
/* End PBXNativeTarget section */

/* Begin PBXProject section */
		BD690FCE224A4DF600E15203 /* Project object */ = {
			isa = PBXProject;
			attributes = {
				LastSwiftUpdateCheck = 1020;
				LastUpgradeCheck = 1020;
				ORGANIZATIONNAME = hucet;
				TargetAttributes = {
					BD690FD5224A4DF600E15203 = {
						CreatedOnToolsVersion = 10.2;
					};
					BD690FEC224A4DF800E15203 = {
						CreatedOnToolsVersion = 10.2;
						TestTargetID = BD690FD5224A4DF600E15203;
					};
					BD690FF7224A4DF800E15203 = {
						CreatedOnToolsVersion = 10.2;
						TestTargetID = BD690FD5224A4DF600E15203;
					};
				};
			};
			buildConfigurationList = BD690FD1224A4DF600E15203 /* Build configuration list for PBXProject "Unwind" */;
			compatibilityVersion = "Xcode 9.3";
			developmentRegion = en;
			hasScannedForEncodings = 0;
			knownRegions = (
				en,
				Base,
			);
			mainGroup = BD690FCD224A4DF600E15203;
			productRefGroup = BD690FD7224A4DF600E15203 /* Products */;
			projectDirPath = "";
			projectRoot = "";
			targets = (
				BD690FD5224A4DF600E15203 /* Unwind */,
				BD690FEC224A4DF800E15203 /* UnwindTests */,
				BD690FF7224A4DF800E15203 /* UnwindUITests */,
			);
		};
/* End PBXProject section */

/* Begin PBXResourcesBuildPhase section */
		BD690FD4224A4DF600E15203 /* Resources */ = {
			isa = PBXResourcesBuildPhase;
			buildActionMask = 2147483647;
			files = (
				BD690FE7224A4DF800E15203 /* LaunchScreen.storyboard in Resources */,
				BD69100C224A4EB800E15203 /* Unwind.storyboard in Resources */,
				BD690FE4224A4DF800E15203 /* Assets.xcassets in Resources */,
				BD690FDF224A4DF600E15203 /* Main.storyboard in Resources */,
			);
			runOnlyForDeploymentPostprocessing = 0;
		};
		BD690FEB224A4DF800E15203 /* Resources */ = {
			isa = PBXResourcesBuildPhase;
			buildActionMask = 2147483647;
			files = (
			);
			runOnlyForDeploymentPostprocessing = 0;
		};
		BD690FF6224A4DF800E15203 /* Resources */ = {
			isa = PBXResourcesBuildPhase;
			buildActionMask = 2147483647;
			files = (
			);
			runOnlyForDeploymentPostprocessing = 0;
		};
/* End PBXResourcesBuildPhase section */

/* Begin PBXShellScriptBuildPhase section */
		B94C33402B107F69293C2AB8 /* [CP] Check Pods Manifest.lock */ = {
			isa = PBXShellScriptBuildPhase;
			buildActionMask = 2147483647;
			files = (
			);
			inputFileListPaths = (
			);
			inputPaths = (
				"${PODS_PODFILE_DIR_PATH}/Podfile.lock",
				"${PODS_ROOT}/Manifest.lock",
			);
			name = "[CP] Check Pods Manifest.lock";
			outputFileListPaths = (
			);
			outputPaths = (
				"$(DERIVED_FILE_DIR)/Pods-UnwindUITests-checkManifestLockResult.txt",
			);
			runOnlyForDeploymentPostprocessing = 0;
			shellPath = /bin/sh;
			shellScript = "diff \"${PODS_PODFILE_DIR_PATH}/Podfile.lock\" \"${PODS_ROOT}/Manifest.lock\" > /dev/null\nif [ $? != 0 ] ; then\n    # print error to STDERR\n    echo \"error: The sandbox is not in sync with the Podfile.lock. Run 'pod install' or update your CocoaPods installation.\" >&2\n    exit 1\nfi\n# This output is used by Xcode 'outputs' to avoid re-running this script phase.\necho \"SUCCESS\" > \"${SCRIPT_OUTPUT_FILE_0}\"\n";
			showEnvVarsInLog = 0;
		};
		BC0F78EF8DC6CE2B76530E61 /* [CP] Check Pods Manifest.lock */ = {
			isa = PBXShellScriptBuildPhase;
			buildActionMask = 2147483647;
			files = (
			);
			inputFileListPaths = (
			);
			inputPaths = (
				"${PODS_PODFILE_DIR_PATH}/Podfile.lock",
				"${PODS_ROOT}/Manifest.lock",
			);
			name = "[CP] Check Pods Manifest.lock";
			outputFileListPaths = (
			);
			outputPaths = (
				"$(DERIVED_FILE_DIR)/Pods-Unwind-checkManifestLockResult.txt",
			);
			runOnlyForDeploymentPostprocessing = 0;
			shellPath = /bin/sh;
			shellScript = "diff \"${PODS_PODFILE_DIR_PATH}/Podfile.lock\" \"${PODS_ROOT}/Manifest.lock\" > /dev/null\nif [ $? != 0 ] ; then\n    # print error to STDERR\n    echo \"error: The sandbox is not in sync with the Podfile.lock. Run 'pod install' or update your CocoaPods installation.\" >&2\n    exit 1\nfi\n# This output is used by Xcode 'outputs' to avoid re-running this script phase.\necho \"SUCCESS\" > \"${SCRIPT_OUTPUT_FILE_0}\"\n";
			showEnvVarsInLog = 0;
		};
		CD437AF56C8FEC552EDB98F0 /* [CP] Check Pods Manifest.lock */ = {
			isa = PBXShellScriptBuildPhase;
			buildActionMask = 2147483647;
			files = (
			);
			inputFileListPaths = (
			);
			inputPaths = (
				"${PODS_PODFILE_DIR_PATH}/Podfile.lock",
				"${PODS_ROOT}/Manifest.lock",
			);
			name = "[CP] Check Pods Manifest.lock";
			outputFileListPaths = (
			);
			outputPaths = (
				"$(DERIVED_FILE_DIR)/Pods-UnwindTests-checkManifestLockResult.txt",
			);
			runOnlyForDeploymentPostprocessing = 0;
			shellPath = /bin/sh;
			shellScript = "diff \"${PODS_PODFILE_DIR_PATH}/Podfile.lock\" \"${PODS_ROOT}/Manifest.lock\" > /dev/null\nif [ $? != 0 ] ; then\n    # print error to STDERR\n    echo \"error: The sandbox is not in sync with the Podfile.lock. Run 'pod install' or update your CocoaPods installation.\" >&2\n    exit 1\nfi\n# This output is used by Xcode 'outputs' to avoid re-running this script phase.\necho \"SUCCESS\" > \"${SCRIPT_OUTPUT_FILE_0}\"\n";
			showEnvVarsInLog = 0;
		};
		F26E55811BF1004D06163611 /* [CP] Embed Pods Frameworks */ = {
			isa = PBXShellScriptBuildPhase;
			buildActionMask = 2147483647;
			files = (
			);
			inputFileListPaths = (
			);
			inputPaths = (
				"${PODS_ROOT}/Target Support Files/Pods-Unwind/Pods-Unwind-frameworks.sh",
				"${BUILT_PRODUCTS_DIR}/Hero/Hero.framework",
			);
			name = "[CP] Embed Pods Frameworks";
			outputFileListPaths = (
			);
			outputPaths = (
				"${TARGET_BUILD_DIR}/${FRAMEWORKS_FOLDER_PATH}/Hero.framework",
			);
			runOnlyForDeploymentPostprocessing = 0;
			shellPath = /bin/sh;
			shellScript = "\"${PODS_ROOT}/Target Support Files/Pods-Unwind/Pods-Unwind-frameworks.sh\"\n";
			showEnvVarsInLog = 0;
		};
/* End PBXShellScriptBuildPhase section */

/* Begin PBXSourcesBuildPhase section */
		BD690FD2224A4DF600E15203 /* Sources */ = {
			isa = PBXSourcesBuildPhase;
			buildActionMask = 2147483647;
			files = (
				BD690FE2224A4DF600E15203 /* Unwind.xcdatamodeld in Sources */,
				BD69100E224A4ED300E15203 /* UnwindViewController.swift in Sources */,
				BD690FDC224A4DF600E15203 /* ViewController.swift in Sources */,
				BD691011224A504C00E15203 /* Code.swift in Sources */,
				BD690FDA224A4DF600E15203 /* AppDelegate.swift in Sources */,
			);
			runOnlyForDeploymentPostprocessing = 0;
		};
		BD690FE9224A4DF800E15203 /* Sources */ = {
			isa = PBXSourcesBuildPhase;
			buildActionMask = 2147483647;
			files = (
				BD690FF2224A4DF800E15203 /* UnwindTests.swift in Sources */,
			);
			runOnlyForDeploymentPostprocessing = 0;
		};
		BD690FF4224A4DF800E15203 /* Sources */ = {
			isa = PBXSourcesBuildPhase;
			buildActionMask = 2147483647;
			files = (
				BD690FFD224A4DF800E15203 /* UnwindUITests.swift in Sources */,
			);
			runOnlyForDeploymentPostprocessing = 0;
		};
/* End PBXSourcesBuildPhase section */

/* Begin PBXTargetDependency section */
		BD690FEF224A4DF800E15203 /* PBXTargetDependency */ = {
			isa = PBXTargetDependency;
			target = BD690FD5224A4DF600E15203 /* Unwind */;
			targetProxy = BD690FEE224A4DF800E15203 /* PBXContainerItemProxy */;
		};
		BD690FFA224A4DF800E15203 /* PBXTargetDependency */ = {
			isa = PBXTargetDependency;
			target = BD690FD5224A4DF600E15203 /* Unwind */;
			targetProxy = BD690FF9224A4DF800E15203 /* PBXContainerItemProxy */;
		};
/* End PBXTargetDependency section */

/* Begin PBXVariantGroup section */
		BD690FDD224A4DF600E15203 /* Main.storyboard */ = {
			isa = PBXVariantGroup;
			children = (
				BD690FDE224A4DF600E15203 /* Base */,
			);
			name = Main.storyboard;
			sourceTree = "<group>";
		};
		BD690FE5224A4DF800E15203 /* LaunchScreen.storyboard */ = {
			isa = PBXVariantGroup;
			children = (
				BD690FE6224A4DF800E15203 /* Base */,
			);
			name = LaunchScreen.storyboard;
			sourceTree = "<group>";
		};
/* End PBXVariantGroup section */

/* Begin XCBuildConfiguration section */
		BD690FFF224A4DF800E15203 /* Debug */ = {
			isa = XCBuildConfiguration;
			buildSettings = {
				ALWAYS_SEARCH_USER_PATHS = NO;
				CLANG_ANALYZER_NONNULL = YES;
				CLANG_ANALYZER_NUMBER_OBJECT_CONVERSION = YES_AGGRESSIVE;
				CLANG_CXX_LANGUAGE_STANDARD = "gnu++14";
				CLANG_CXX_LIBRARY = "libc++";
				CLANG_ENABLE_MODULES = YES;
				CLANG_ENABLE_OBJC_ARC = YES;
				CLANG_ENABLE_OBJC_WEAK = YES;
				CLANG_WARN_BLOCK_CAPTURE_AUTORELEASING = YES;
				CLANG_WARN_BOOL_CONVERSION = YES;
				CLANG_WARN_COMMA = YES;
				CLANG_WARN_CONSTANT_CONVERSION = YES;
				CLANG_WARN_DEPRECATED_OBJC_IMPLEMENTATIONS = YES;
				CLANG_WARN_DIRECT_OBJC_ISA_USAGE = YES_ERROR;
				CLANG_WARN_DOCUMENTATION_COMMENTS = YES;
				CLANG_WARN_EMPTY_BODY = YES;
				CLANG_WARN_ENUM_CONVERSION = YES;
				CLANG_WARN_INFINITE_RECURSION = YES;
				CLANG_WARN_INT_CONVERSION = YES;
				CLANG_WARN_NON_LITERAL_NULL_CONVERSION = YES;
				CLANG_WARN_OBJC_IMPLICIT_RETAIN_SELF = YES;
				CLANG_WARN_OBJC_LITERAL_CONVERSION = YES;
				CLANG_WARN_OBJC_ROOT_CLASS = YES_ERROR;
				CLANG_WARN_RANGE_LOOP_ANALYSIS = YES;
				CLANG_WARN_STRICT_PROTOTYPES = YES;
				CLANG_WARN_SUSPICIOUS_MOVE = YES;
				CLANG_WARN_UNGUARDED_AVAILABILITY = YES_AGGRESSIVE;
				CLANG_WARN_UNREACHABLE_CODE = YES;
				CLANG_WARN__DUPLICATE_METHOD_MATCH = YES;
				CODE_SIGN_IDENTITY = "iPhone Developer";
				COPY_PHASE_STRIP = NO;
				DEBUG_INFORMATION_FORMAT = dwarf;
				ENABLE_STRICT_OBJC_MSGSEND = YES;
				ENABLE_TESTABILITY = YES;
				GCC_C_LANGUAGE_STANDARD = gnu11;
				GCC_DYNAMIC_NO_PIC = NO;
				GCC_NO_COMMON_BLOCKS = YES;
				GCC_OPTIMIZATION_LEVEL = 0;
				GCC_PREPROCESSOR_DEFINITIONS = (
					"DEBUG=1",
					"$(inherited)",
				);
				GCC_WARN_64_TO_32_BIT_CONVERSION = YES;
				GCC_WARN_ABOUT_RETURN_TYPE = YES_ERROR;
				GCC_WARN_UNDECLARED_SELECTOR = YES;
				GCC_WARN_UNINITIALIZED_AUTOS = YES_AGGRESSIVE;
				GCC_WARN_UNUSED_FUNCTION = YES;
				GCC_WARN_UNUSED_VARIABLE = YES;
				IPHONEOS_DEPLOYMENT_TARGET = 12.2;
				MTL_ENABLE_DEBUG_INFO = INCLUDE_SOURCE;
				MTL_FAST_MATH = YES;
				ONLY_ACTIVE_ARCH = YES;
				SDKROOT = iphoneos;
				SWIFT_ACTIVE_COMPILATION_CONDITIONS = DEBUG;
				SWIFT_OPTIMIZATION_LEVEL = "-Onone";
			};
			name = Debug;
		};
		BD691000224A4DF800E15203 /* Release */ = {
			isa = XCBuildConfiguration;
			buildSettings = {
				ALWAYS_SEARCH_USER_PATHS = NO;
				CLANG_ANALYZER_NONNULL = YES;
				CLANG_ANALYZER_NUMBER_OBJECT_CONVERSION = YES_AGGRESSIVE;
				CLANG_CXX_LANGUAGE_STANDARD = "gnu++14";
				CLANG_CXX_LIBRARY = "libc++";
				CLANG_ENABLE_MODULES = YES;
				CLANG_ENABLE_OBJC_ARC = YES;
				CLANG_ENABLE_OBJC_WEAK = YES;
				CLANG_WARN_BLOCK_CAPTURE_AUTORELEASING = YES;
				CLANG_WARN_BOOL_CONVERSION = YES;
				CLANG_WARN_COMMA = YES;
				CLANG_WARN_CONSTANT_CONVERSION = YES;
				CLANG_WARN_DEPRECATED_OBJC_IMPLEMENTATIONS = YES;
				CLANG_WARN_DIRECT_OBJC_ISA_USAGE = YES_ERROR;
				CLANG_WARN_DOCUMENTATION_COMMENTS = YES;
				CLANG_WARN_EMPTY_BODY = YES;
				CLANG_WARN_ENUM_CONVERSION = YES;
				CLANG_WARN_INFINITE_RECURSION = YES;
				CLANG_WARN_INT_CONVERSION = YES;
				CLANG_WARN_NON_LITERAL_NULL_CONVERSION = YES;
				CLANG_WARN_OBJC_IMPLICIT_RETAIN_SELF = YES;
				CLANG_WARN_OBJC_LITERAL_CONVERSION = YES;
				CLANG_WARN_OBJC_ROOT_CLASS = YES_ERROR;
				CLANG_WARN_RANGE_LOOP_ANALYSIS = YES;
				CLANG_WARN_STRICT_PROTOTYPES = YES;
				CLANG_WARN_SUSPICIOUS_MOVE = YES;
				CLANG_WARN_UNGUARDED_AVAILABILITY = YES_AGGRESSIVE;
				CLANG_WARN_UNREACHABLE_CODE = YES;
				CLANG_WARN__DUPLICATE_METHOD_MATCH = YES;
				CODE_SIGN_IDENTITY = "iPhone Developer";
				COPY_PHASE_STRIP = NO;
				DEBUG_INFORMATION_FORMAT = "dwarf-with-dsym";
				ENABLE_NS_ASSERTIONS = NO;
				ENABLE_STRICT_OBJC_MSGSEND = YES;
				GCC_C_LANGUAGE_STANDARD = gnu11;
				GCC_NO_COMMON_BLOCKS = YES;
				GCC_WARN_64_TO_32_BIT_CONVERSION = YES;
				GCC_WARN_ABOUT_RETURN_TYPE = YES_ERROR;
				GCC_WARN_UNDECLARED_SELECTOR = YES;
				GCC_WARN_UNINITIALIZED_AUTOS = YES_AGGRESSIVE;
				GCC_WARN_UNUSED_FUNCTION = YES;
				GCC_WARN_UNUSED_VARIABLE = YES;
				IPHONEOS_DEPLOYMENT_TARGET = 12.2;
				MTL_ENABLE_DEBUG_INFO = NO;
				MTL_FAST_MATH = YES;
				SDKROOT = iphoneos;
				SWIFT_COMPILATION_MODE = wholemodule;
				SWIFT_OPTIMIZATION_LEVEL = "-O";
				VALIDATE_PRODUCT = YES;
			};
			name = Release;
		};
		BD691002224A4DF800E15203 /* Debug */ = {
			isa = XCBuildConfiguration;
			baseConfigurationReference = 34B479CD8E03894736BDC3B1 /* Pods-Unwind.debug.xcconfig */;
			buildSettings = {
				ASSETCATALOG_COMPILER_APPICON_NAME = AppIcon;
				CODE_SIGN_STYLE = Automatic;
				DEVELOPMENT_TEAM = 576T8HK6X4;
				INFOPLIST_FILE = Unwind/Info.plist;
				LD_RUNPATH_SEARCH_PATHS = (
					"$(inherited)",
					"@executable_path/Frameworks",
				);
				PRODUCT_BUNDLE_IDENTIFIER = com.hucet.Unwind;
				PRODUCT_NAME = "$(TARGET_NAME)";
				SWIFT_VERSION = 5.0;
				TARGETED_DEVICE_FAMILY = "1,2";
			};
			name = Debug;
		};
		BD691003224A4DF800E15203 /* Release */ = {
			isa = XCBuildConfiguration;
			baseConfigurationReference = 53320C2293FBC41FAAE103CE /* Pods-Unwind.release.xcconfig */;
			buildSettings = {
				ASSETCATALOG_COMPILER_APPICON_NAME = AppIcon;
				CODE_SIGN_STYLE = Automatic;
				DEVELOPMENT_TEAM = 576T8HK6X4;
				INFOPLIST_FILE = Unwind/Info.plist;
				LD_RUNPATH_SEARCH_PATHS = (
					"$(inherited)",
					"@executable_path/Frameworks",
				);
				PRODUCT_BUNDLE_IDENTIFIER = com.hucet.Unwind;
				PRODUCT_NAME = "$(TARGET_NAME)";
				SWIFT_VERSION = 5.0;
				TARGETED_DEVICE_FAMILY = "1,2";
			};
			name = Release;
		};
		BD691005224A4DF800E15203 /* Debug */ = {
			isa = XCBuildConfiguration;
			baseConfigurationReference = C2A01B73DC0D55EB97244F70 /* Pods-UnwindTests.debug.xcconfig */;
			buildSettings = {
				ALWAYS_EMBED_SWIFT_STANDARD_LIBRARIES = YES;
				BUNDLE_LOADER = "$(TEST_HOST)";
				CODE_SIGN_STYLE = Automatic;
				DEVELOPMENT_TEAM = 576T8HK6X4;
				INFOPLIST_FILE = UnwindTests/Info.plist;
				LD_RUNPATH_SEARCH_PATHS = (
					"$(inherited)",
					"@executable_path/Frameworks",
					"@loader_path/Frameworks",
				);
				PRODUCT_BUNDLE_IDENTIFIER = com.hucet.UnwindTests;
				PRODUCT_NAME = "$(TARGET_NAME)";
				SWIFT_VERSION = 5.0;
				TARGETED_DEVICE_FAMILY = "1,2";
				TEST_HOST = "$(BUILT_PRODUCTS_DIR)/Unwind.app/Unwind";
			};
			name = Debug;
		};
		BD691006224A4DF800E15203 /* Release */ = {
			isa = XCBuildConfiguration;
			baseConfigurationReference = 32EA5B2B85E34DC48707D4BF /* Pods-UnwindTests.release.xcconfig */;
			buildSettings = {
				ALWAYS_EMBED_SWIFT_STANDARD_LIBRARIES = YES;
				BUNDLE_LOADER = "$(TEST_HOST)";
				CODE_SIGN_STYLE = Automatic;
				DEVELOPMENT_TEAM = 576T8HK6X4;
				INFOPLIST_FILE = UnwindTests/Info.plist;
				LD_RUNPATH_SEARCH_PATHS = (
					"$(inherited)",
					"@executable_path/Frameworks",
					"@loader_path/Frameworks",
				);
				PRODUCT_BUNDLE_IDENTIFIER = com.hucet.UnwindTests;
				PRODUCT_NAME = "$(TARGET_NAME)";
				SWIFT_VERSION = 5.0;
				TARGETED_DEVICE_FAMILY = "1,2";
				TEST_HOST = "$(BUILT_PRODUCTS_DIR)/Unwind.app/Unwind";
			};
			name = Release;
		};
		BD691008224A4DF800E15203 /* Debug */ = {
			isa = XCBuildConfiguration;
			baseConfigurationReference = F68BDCEDA401D5C3FABCA16D /* Pods-UnwindUITests.debug.xcconfig */;
			buildSettings = {
				ALWAYS_EMBED_SWIFT_STANDARD_LIBRARIES = YES;
				CODE_SIGN_STYLE = Automatic;
				DEVELOPMENT_TEAM = 576T8HK6X4;
				INFOPLIST_FILE = UnwindUITests/Info.plist;
				LD_RUNPATH_SEARCH_PATHS = (
					"$(inherited)",
					"@executable_path/Frameworks",
					"@loader_path/Frameworks",
				);
				PRODUCT_BUNDLE_IDENTIFIER = com.hucet.UnwindUITests;
				PRODUCT_NAME = "$(TARGET_NAME)";
				SWIFT_VERSION = 5.0;
				TARGETED_DEVICE_FAMILY = "1,2";
				TEST_TARGET_NAME = Unwind;
			};
			name = Debug;
		};
		BD691009224A4DF800E15203 /* Release */ = {
			isa = XCBuildConfiguration;
			baseConfigurationReference = 683056CC2E10F304E3B3A3D9 /* Pods-UnwindUITests.release.xcconfig */;
			buildSettings = {
				ALWAYS_EMBED_SWIFT_STANDARD_LIBRARIES = YES;
				CODE_SIGN_STYLE = Automatic;
				DEVELOPMENT_TEAM = 576T8HK6X4;
				INFOPLIST_FILE = UnwindUITests/Info.plist;
				LD_RUNPATH_SEARCH_PATHS = (
					"$(inherited)",
					"@executable_path/Frameworks",
					"@loader_path/Frameworks",
				);
				PRODUCT_BUNDLE_IDENTIFIER = com.hucet.UnwindUITests;
				PRODUCT_NAME = "$(TARGET_NAME)";
				SWIFT_VERSION = 5.0;
				TARGETED_DEVICE_FAMILY = "1,2";
				TEST_TARGET_NAME = Unwind;
			};
			name = Release;
		};
/* End XCBuildConfiguration section */

/* Begin XCConfigurationList section */
		BD690FD1224A4DF600E15203 /* Build configuration list for PBXProject "Unwind" */ = {
			isa = XCConfigurationList;
			buildConfigurations = (
				BD690FFF224A4DF800E15203 /* Debug */,
				BD691000224A4DF800E15203 /* Release */,
			);
			defaultConfigurationIsVisible = 0;
			defaultConfigurationName = Release;
		};
		BD691001224A4DF800E15203 /* Build configuration list for PBXNativeTarget "Unwind" */ = {
			isa = XCConfigurationList;
			buildConfigurations = (
				BD691002224A4DF800E15203 /* Debug */,
				BD691003224A4DF800E15203 /* Release */,
			);
			defaultConfigurationIsVisible = 0;
			defaultConfigurationName = Release;
		};
		BD691004224A4DF800E15203 /* Build configuration list for PBXNativeTarget "UnwindTests" */ = {
			isa = XCConfigurationList;
			buildConfigurations = (
				BD691005224A4DF800E15203 /* Debug */,
				BD691006224A4DF800E15203 /* Release */,
			);
			defaultConfigurationIsVisible = 0;
			defaultConfigurationName = Release;
		};
		BD691007224A4DF800E15203 /* Build configuration list for PBXNativeTarget "UnwindUITests" */ = {
			isa = XCConfigurationList;
			buildConfigurations = (
				BD691008224A4DF800E15203 /* Debug */,
				BD691009224A4DF800E15203 /* Release */,
			);
			defaultConfigurationIsVisible = 0;
			defaultConfigurationName = Release;
		};
/* End XCConfigurationList section */

/* Begin XCVersionGroup section */
		BD690FE0224A4DF600E15203 /* Unwind.xcdatamodeld */ = {
			isa = XCVersionGroup;
			children = (
				BD690FE1224A4DF600E15203 /* Unwind.xcdatamodel */,
			);
			currentVersion = BD690FE1224A4DF600E15203 /* Unwind.xcdatamodel */;
			path = Unwind.xcdatamodeld;
			sourceTree = "<group>";
			versionGroupType = wrapper.xcdatamodel;
		};
/* End XCVersionGroup section */
	};
	rootObject = BD690FCE224A4DF600E15203 /* Project object */;
}
